
Microsoft Visual Studio Solution File, Format Version 12.00
# Visual Studio Version 17
VisualStudioVersion = 17.13.35931.197
MinimumVisualStudioVersion = 10.0.40219.1
Project("{FAE04EC0-301F-11D3-BF4B-00C04F79EFBC}") = "HomeWorkCSpro_03_1_IOutPut_2_IMath", "HomeWorkCSpro_03_1_IOutPut\HomeWorkCSpro_03_1_IOutPut_2_IMath.csproj", "{BA413E36-AC43-490B-99FD-A3C2597D00F6}"
EndProject
Global
	GlobalSection(SolutionConfigurationPlatforms) = preSolution
		Debug|Any CPU = Debug|Any CPU
		Release|Any CPU = Release|Any CPU
	EndGlobalSection
	GlobalSection(ProjectConfigurationPlatforms) = postSolution
		{BA413E36-AC43-490B-99FD-A3C2597D00F6}.Debug|Any CPU.ActiveCfg = Debug|Any CPU
		{BA413E36-AC43-490B-99FD-A3C2597D00F6}.Debug|Any CPU.Build.0 = Debug|Any CPU
		{BA413E36-AC43-490B-99FD-A3C2597D00F6}.Release|Any CPU.ActiveCfg = Release|Any CPU
		{BA413E36-AC43-490B-99FD-A3C2597D00F6}.Release|Any CPU.Build.0 = Release|Any CPU
	EndGlobalSection
	GlobalSection(SolutionProperties) = preSolution
		HideSolutionNode = FALSE
	EndGlobalSection
	GlobalSection(ExtensibilityGlobals) = postSolution
		SolutionGuid = {5923DF92-4E11-47D3-89DA-7D0E90318ABC}
	EndGlobalSection
EndGlobal
